
Microsoft Visual Studio Solution File, Format Version 12.00
# Visual Studio Version 17
VisualStudioVersion = 17.2.32616.157
MinimumVisualStudioVersion = 10.0.40219.1
Project("{FAE04EC0-301F-11D3-BF4B-00C04F79EFBC}") = "ExerciciosPropostos4Exercicio4", "ExerciciosPropostos4Exercicio4\ExerciciosPropostos4Exercicio4.csproj", "{55820A8D-F0BB-4A88-9F2D-664F5FA60017}"
EndProject
Global
	GlobalSection(SolutionConfigurationPlatforms) = preSolution
		Debug|Any CPU = Debug|Any CPU
		Release|Any CPU = Release|Any CPU
	EndGlobalSection
	GlobalSection(ProjectConfigurationPlatforms) = postSolution
		{55820A8D-F0BB-4A88-9F2D-664F5FA60017}.Debug|Any CPU.ActiveCfg = Debug|Any CPU
		{55820A8D-F0BB-4A88-9F2D-664F5FA60017}.Debug|Any CPU.Build.0 = Debug|Any CPU
		{55820A8D-F0BB-4A88-9F2D-664F5FA60017}.Release|Any CPU.ActiveCfg = Release|Any CPU
		{55820A8D-F0BB-4A88-9F2D-664F5FA60017}.Release|Any CPU.Build.0 = Release|Any CPU
	EndGlobalSection
	GlobalSection(SolutionProperties) = preSolution
		HideSolutionNode = FALSE
	EndGlobalSection
	GlobalSection(ExtensibilityGlobals) = postSolution
		SolutionGuid = {04BA42D2-6DE3-41D5-B3F8-5A0E0AA04EC9}
	EndGlobalSection
EndGlobal
