
Microsoft Visual Studio Solution File, Format Version 12.00
# Visual Studio Version 17
VisualStudioVersion = 17.2.32616.157
MinimumVisualStudioVersion = 10.0.40219.1
Project("{FAE04EC0-301F-11D3-BF4B-00C04F79EFBC}") = "EstruturaFor", "EstruturaFor\EstruturaFor.csproj", "{EA955821-2AA8-432F-A408-25E1A036E3D2}"
EndProject
Global
	GlobalSection(SolutionConfigurationPlatforms) = preSolution
		Debug|Any CPU = Debug|Any CPU
		Release|Any CPU = Release|Any CPU
	EndGlobalSection
	GlobalSection(ProjectConfigurationPlatforms) = postSolution
		{EA955821-2AA8-432F-A408-25E1A036E3D2}.Debug|Any CPU.ActiveCfg = Debug|Any CPU
		{EA955821-2AA8-432F-A408-25E1A036E3D2}.Debug|Any CPU.Build.0 = Debug|Any CPU
		{EA955821-2AA8-432F-A408-25E1A036E3D2}.Release|Any CPU.ActiveCfg = Release|Any CPU
		{EA955821-2AA8-432F-A408-25E1A036E3D2}.Release|Any CPU.Build.0 = Release|Any CPU
	EndGlobalSection
	GlobalSection(SolutionProperties) = preSolution
		HideSolutionNode = FALSE
	EndGlobalSection
	GlobalSection(ExtensibilityGlobals) = postSolution
		SolutionGuid = {DEE43EFE-C904-49BB-BFA5-DB0DE4A9790C}
	EndGlobalSection
EndGlobal
