
Microsoft Visual Studio Solution File, Format Version 12.00
# Visual Studio Version 17
VisualStudioVersion = 17.2.32616.157
MinimumVisualStudioVersion = 10.0.40219.1
Project("{FAE04EC0-301F-11D3-BF4B-00C04F79EFBC}") = "Debug", "Debug\Debug.csproj", "{9EA292EC-EF08-496A-8816-4463C6E5AB41}"
EndProject
Global
	GlobalSection(SolutionConfigurationPlatforms) = preSolution
		Debug|Any CPU = Debug|Any CPU
		Release|Any CPU = Release|Any CPU
	EndGlobalSection
	GlobalSection(ProjectConfigurationPlatforms) = postSolution
		{9EA292EC-EF08-496A-8816-4463C6E5AB41}.Debug|Any CPU.ActiveCfg = Debug|Any CPU
		{9EA292EC-EF08-496A-8816-4463C6E5AB41}.Debug|Any CPU.Build.0 = Debug|Any CPU
		{9EA292EC-EF08-496A-8816-4463C6E5AB41}.Release|Any CPU.ActiveCfg = Release|Any CPU
		{9EA292EC-EF08-496A-8816-4463C6E5AB41}.Release|Any CPU.Build.0 = Release|Any CPU
	EndGlobalSection
	GlobalSection(SolutionProperties) = preSolution
		HideSolutionNode = FALSE
	EndGlobalSection
	GlobalSection(ExtensibilityGlobals) = postSolution
		SolutionGuid = {C52A2088-95CC-4181-AD3E-116FDD2AE0B1}
	EndGlobalSection
EndGlobal
