
Microsoft Visual Studio Solution File, Format Version 12.00
# Visual Studio Version 17
VisualStudioVersion = 17.2.32616.157
MinimumVisualStudioVersion = 10.0.40219.1
Project("{FAE04EC0-301F-11D3-BF4B-00C04F79EFBC}") = "FuncoesSintaxes", "FuncoesSintaxes\FuncoesSintaxes.csproj", "{6BC5A686-6474-40F6-9F37-ACBD0210A122}"
EndProject
Global
	GlobalSection(SolutionConfigurationPlatforms) = preSolution
		Debug|Any CPU = Debug|Any CPU
		Release|Any CPU = Release|Any CPU
	EndGlobalSection
	GlobalSection(ProjectConfigurationPlatforms) = postSolution
		{6BC5A686-6474-40F6-9F37-ACBD0210A122}.Debug|Any CPU.ActiveCfg = Debug|Any CPU
		{6BC5A686-6474-40F6-9F37-ACBD0210A122}.Debug|Any CPU.Build.0 = Debug|Any CPU
		{6BC5A686-6474-40F6-9F37-ACBD0210A122}.Release|Any CPU.ActiveCfg = Release|Any CPU
		{6BC5A686-6474-40F6-9F37-ACBD0210A122}.Release|Any CPU.Build.0 = Release|Any CPU
	EndGlobalSection
	GlobalSection(SolutionProperties) = preSolution
		HideSolutionNode = FALSE
	EndGlobalSection
	GlobalSection(ExtensibilityGlobals) = postSolution
		SolutionGuid = {3BF15A5F-DC69-4B32-BBFC-98A9C88DB27C}
	EndGlobalSection
EndGlobal
