
Microsoft Visual Studio Solution File, Format Version 12.00
# Visual Studio Version 17
VisualStudioVersion = 17.2.32616.157
MinimumVisualStudioVersion = 10.0.40219.1
Project("{FAE04EC0-301F-11D3-BF4B-00C04F79EFBC}") = "While", "While\While.csproj", "{967C265F-0BC1-4C1A-95FC-82FD01E9B228}"
EndProject
Global
	GlobalSection(SolutionConfigurationPlatforms) = preSolution
		Debug|Any CPU = Debug|Any CPU
		Release|Any CPU = Release|Any CPU
	EndGlobalSection
	GlobalSection(ProjectConfigurationPlatforms) = postSolution
		{967C265F-0BC1-4C1A-95FC-82FD01E9B228}.Debug|Any CPU.ActiveCfg = Debug|Any CPU
		{967C265F-0BC1-4C1A-95FC-82FD01E9B228}.Debug|Any CPU.Build.0 = Debug|Any CPU
		{967C265F-0BC1-4C1A-95FC-82FD01E9B228}.Release|Any CPU.ActiveCfg = Release|Any CPU
		{967C265F-0BC1-4C1A-95FC-82FD01E9B228}.Release|Any CPU.Build.0 = Release|Any CPU
	EndGlobalSection
	GlobalSection(SolutionProperties) = preSolution
		HideSolutionNode = FALSE
	EndGlobalSection
	GlobalSection(ExtensibilityGlobals) = postSolution
		SolutionGuid = {3B84B84A-9603-4793-AFBE-610051FED47D}
	EndGlobalSection
EndGlobal
