
Microsoft Visual Studio Solution File, Format Version 12.00
# Visual Studio Version 17
VisualStudioVersion = 17.2.32616.157
MinimumVisualStudioVersion = 10.0.40219.1
Project("{FAE04EC0-301F-11D3-BF4B-00C04F79EFBC}") = "ExerciciosPropostos2Excercicio1", "ExerciciosPropostos2Excercicio1\ExerciciosPropostos2Excercicio1.csproj", "{44738883-C3AB-4D15-AB4B-D3E6D7871319}"
EndProject
Global
	GlobalSection(SolutionConfigurationPlatforms) = preSolution
		Debug|Any CPU = Debug|Any CPU
		Release|Any CPU = Release|Any CPU
	EndGlobalSection
	GlobalSection(ProjectConfigurationPlatforms) = postSolution
		{44738883-C3AB-4D15-AB4B-D3E6D7871319}.Debug|Any CPU.ActiveCfg = Debug|Any CPU
		{44738883-C3AB-4D15-AB4B-D3E6D7871319}.Debug|Any CPU.Build.0 = Debug|Any CPU
		{44738883-C3AB-4D15-AB4B-D3E6D7871319}.Release|Any CPU.ActiveCfg = Release|Any CPU
		{44738883-C3AB-4D15-AB4B-D3E6D7871319}.Release|Any CPU.Build.0 = Release|Any CPU
	EndGlobalSection
	GlobalSection(SolutionProperties) = preSolution
		HideSolutionNode = FALSE
	EndGlobalSection
	GlobalSection(ExtensibilityGlobals) = postSolution
		SolutionGuid = {80789FF7-2AE1-4BDA-97AE-A3D77A4DCA66}
	EndGlobalSection
EndGlobal
