
Microsoft Visual Studio Solution File, Format Version 12.00
# Visual Studio Version 17
VisualStudioVersion = 17.2.32616.157
MinimumVisualStudioVersion = 10.0.40219.1
Project("{FAE04EC0-301F-11D3-BF4B-00C04F79EFBC}") = "ExerciciosPropostosExercicio7", "ExerciciosPropostosExercicio7\ExerciciosPropostosExercicio7.csproj", "{8301AD41-0015-4166-ACF9-3E1FD0A22C71}"
EndProject
Global
	GlobalSection(SolutionConfigurationPlatforms) = preSolution
		Debug|Any CPU = Debug|Any CPU
		Release|Any CPU = Release|Any CPU
	EndGlobalSection
	GlobalSection(ProjectConfigurationPlatforms) = postSolution
		{8301AD41-0015-4166-ACF9-3E1FD0A22C71}.Debug|Any CPU.ActiveCfg = Debug|Any CPU
		{8301AD41-0015-4166-ACF9-3E1FD0A22C71}.Debug|Any CPU.Build.0 = Debug|Any CPU
		{8301AD41-0015-4166-ACF9-3E1FD0A22C71}.Release|Any CPU.ActiveCfg = Release|Any CPU
		{8301AD41-0015-4166-ACF9-3E1FD0A22C71}.Release|Any CPU.Build.0 = Release|Any CPU
	EndGlobalSection
	GlobalSection(SolutionProperties) = preSolution
		HideSolutionNode = FALSE
	EndGlobalSection
	GlobalSection(ExtensibilityGlobals) = postSolution
		SolutionGuid = {FD46E40D-7164-418F-8FD4-0829EDBFA931}
	EndGlobalSection
EndGlobal
