
Microsoft Visual Studio Solution File, Format Version 12.00
# Visual Studio Version 17
VisualStudioVersion = 17.2.32616.157
MinimumVisualStudioVersion = 10.0.40219.1
Project("{FAE04EC0-301F-11D3-BF4B-00C04F79EFBC}") = "ExerciciosPropostos4Exercicio1", "ExerciciosPropostos4Exercicio1\ExerciciosPropostos4Exercicio1.csproj", "{0333990D-5453-4790-9977-7783A1A2D950}"
EndProject
Global
	GlobalSection(SolutionConfigurationPlatforms) = preSolution
		Debug|Any CPU = Debug|Any CPU
		Release|Any CPU = Release|Any CPU
	EndGlobalSection
	GlobalSection(ProjectConfigurationPlatforms) = postSolution
		{0333990D-5453-4790-9977-7783A1A2D950}.Debug|Any CPU.ActiveCfg = Debug|Any CPU
		{0333990D-5453-4790-9977-7783A1A2D950}.Debug|Any CPU.Build.0 = Debug|Any CPU
		{0333990D-5453-4790-9977-7783A1A2D950}.Release|Any CPU.ActiveCfg = Release|Any CPU
		{0333990D-5453-4790-9977-7783A1A2D950}.Release|Any CPU.Build.0 = Release|Any CPU
	EndGlobalSection
	GlobalSection(SolutionProperties) = preSolution
		HideSolutionNode = FALSE
	EndGlobalSection
	GlobalSection(ExtensibilityGlobals) = postSolution
		SolutionGuid = {743FF125-8A5F-4670-8269-932ECEC4BCFA}
	EndGlobalSection
EndGlobal
