
Microsoft Visual Studio Solution File, Format Version 12.00
# Visual Studio Version 17
VisualStudioVersion = 17.2.32616.157
MinimumVisualStudioVersion = 10.0.40219.1
Project("{FAE04EC0-301F-11D3-BF4B-00C04F79EFBC}") = "ExercicioProposto1", "ExercicioPropostoParte1\ExercicioProposto1.csproj", "{4348C581-D564-4D75-9C87-BE8B2485A240}"
EndProject
Global
	GlobalSection(SolutionConfigurationPlatforms) = preSolution
		Debug|Any CPU = Debug|Any CPU
		Release|Any CPU = Release|Any CPU
	EndGlobalSection
	GlobalSection(ProjectConfigurationPlatforms) = postSolution
		{4348C581-D564-4D75-9C87-BE8B2485A240}.Debug|Any CPU.ActiveCfg = Debug|Any CPU
		{4348C581-D564-4D75-9C87-BE8B2485A240}.Debug|Any CPU.Build.0 = Debug|Any CPU
		{4348C581-D564-4D75-9C87-BE8B2485A240}.Release|Any CPU.ActiveCfg = Release|Any CPU
		{4348C581-D564-4D75-9C87-BE8B2485A240}.Release|Any CPU.Build.0 = Release|Any CPU
	EndGlobalSection
	GlobalSection(SolutionProperties) = preSolution
		HideSolutionNode = FALSE
	EndGlobalSection
	GlobalSection(ExtensibilityGlobals) = postSolution
		SolutionGuid = {74453897-D529-4A2B-B56C-A68CCFF72F21}
	EndGlobalSection
EndGlobal
